
Microsoft Visual Studio Solution File, Format Version 12.00
# Visual Studio Version 17
VisualStudioVersion = 17.14.37012.4 d17.14
MinimumVisualStudioVersion = 10.0.40219.1
Project("{FAE04EC0-301F-11D3-BF4B-00C04F79EFBC}") = "oops lab 2 final project Front-End", "oops lab 2 final project Front-End.csproj", "{D2D1ADB9-6289-417B-BA83-07A5C6243C22}"
EndProject
Global
	GlobalSection(SolutionConfigurationPlatforms) = preSolution
		Debug|Any CPU = Debug|Any CPU
		Release|Any CPU = Release|Any CPU
	EndGlobalSection
	GlobalSection(ProjectConfigurationPlatforms) = postSolution
		{D2D1ADB9-6289-417B-BA83-07A5C6243C22}.Debug|Any CPU.ActiveCfg = Debug|Any CPU
		{D2D1ADB9-6289-417B-BA83-07A5C6243C22}.Debug|Any CPU.Build.0 = Debug|Any CPU
		{D2D1ADB9-6289-417B-BA83-07A5C6243C22}.Release|Any CPU.ActiveCfg = Release|Any CPU
		{D2D1ADB9-6289-417B-BA83-07A5C6243C22}.Release|Any CPU.Build.0 = Release|Any CPU
	EndGlobalSection
	GlobalSection(SolutionProperties) = preSolution
		HideSolutionNode = FALSE
	EndGlobalSection
	GlobalSection(ExtensibilityGlobals) = postSolution
		SolutionGuid = {349C5AC0-174B-4BB2-8B04-BBC8B8489A4C}
	EndGlobalSection
EndGlobal
